{
  "name": "ejemplo",
  "version": "1.0.0",
  "lockfileVersion": 3,
  "requires": true,
  "packages": {
    "": {
      "name": "ejemplo",
      "version": "1.0.0",
      "license": "ISC",
      "dependencies": {
        "operaciones-salva": "2.0.0"
      }
    },
    "node_modules/operaciones-salva": {
      "version": "2.0.0",
      "resolved": "https://registry.npmjs.org/operaciones-salva/-/operaciones-salva-2.0.0.tgz",
      "integrity": "sha512-jkc8L1uP2GPL51t5xptUiyndvk2HpsIcLL9Km8n5LG03+D3F1tTaKuR3OyjGx/KBhJ28ELRFw9sPrhl5RRocOQ=="
    }
  }
}
